
Microsoft Visual Studio Solution File, Format Version 11.00
# Visual Studio 2010
Project("{FAE04EC0-301F-11D3-BF4B-00C04F79EFBC}") = "ShoppingMallManagementSystem", "ShoppingMallManagementSystem\ShoppingMallManagementSystem.csproj", "{92F52523-61F5-4F20-B75F-CF4F717650E4}"
EndProject
Global
	GlobalSection(SolutionConfigurationPlatforms) = preSolution
		Debug|x86 = Debug|x86
		Release|x86 = Release|x86
	EndGlobalSection
	GlobalSection(ProjectConfigurationPlatforms) = postSolution
		{92F52523-61F5-4F20-B75F-CF4F717650E4}.Debug|x86.ActiveCfg = Debug|x86
		{92F52523-61F5-4F20-B75F-CF4F717650E4}.Debug|x86.Build.0 = Debug|x86
		{92F52523-61F5-4F20-B75F-CF4F717650E4}.Release|x86.ActiveCfg = Release|x86
		{92F52523-61F5-4F20-B75F-CF4F717650E4}.Release|x86.Build.0 = Release|x86
	EndGlobalSection
	GlobalSection(SolutionProperties) = preSolution
		HideSolutionNode = FALSE
	EndGlobalSection
EndGlobal
