
Microsoft Visual Studio Solution File, Format Version 11.00
# Visual Studio 2010
Project("{FAE04EC0-301F-11D3-BF4B-00C04F79EFBC}") = "ShoppingMallUI", "ShoppingMallUI\ShoppingMallUI.csproj", "{2803D5E6-9ABD-430A-83AE-2F65B50B4EF2}"
EndProject
Project("{FAE04EC0-301F-11D3-BF4B-00C04F79EFBC}") = "ControlStyle", "ControlStyle\ControlStyle.csproj", "{DD1C8E34-CBCC-4149-B427-434087FA6624}"
EndProject
Project("{FAE04EC0-301F-11D3-BF4B-00C04F79EFBC}") = "ShoppingMallData", "ShoppingMallData\ShoppingMallData.csproj", "{E22466AA-4FC3-4F22-A751-8C660BC8F211}"
EndProject
Project("{FAE04EC0-301F-11D3-BF4B-00C04F79EFBC}") = "ShoppingMallDb", "ShoppingMallDb\ShoppingMallDb.csproj", "{35839537-A1A7-4FB3-8347-4C1DBCF825EF}"
EndProject
Project("{FAE04EC0-301F-11D3-BF4B-00C04F79EFBC}") = "ImageInsertion", "ImageInsertion\ImageInsertion.csproj", "{6ED851FE-A266-42A1-9C04-D978F3C0C9E8}"
EndProject
Global
	GlobalSection(SolutionConfigurationPlatforms) = preSolution
		Debug|Any CPU = Debug|Any CPU
		Debug|Mixed Platforms = Debug|Mixed Platforms
		Debug|x86 = Debug|x86
		Release|Any CPU = Release|Any CPU
		Release|Mixed Platforms = Release|Mixed Platforms
		Release|x86 = Release|x86
	EndGlobalSection
	GlobalSection(ProjectConfigurationPlatforms) = postSolution
		{2803D5E6-9ABD-430A-83AE-2F65B50B4EF2}.Debug|Any CPU.ActiveCfg = Debug|x86
		{2803D5E6-9ABD-430A-83AE-2F65B50B4EF2}.Debug|Mixed Platforms.ActiveCfg = Debug|x86
		{2803D5E6-9ABD-430A-83AE-2F65B50B4EF2}.Debug|Mixed Platforms.Build.0 = Debug|x86
		{2803D5E6-9ABD-430A-83AE-2F65B50B4EF2}.Debug|x86.ActiveCfg = Debug|x86
		{2803D5E6-9ABD-430A-83AE-2F65B50B4EF2}.Debug|x86.Build.0 = Debug|x86
		{2803D5E6-9ABD-430A-83AE-2F65B50B4EF2}.Release|Any CPU.ActiveCfg = Release|x86
		{2803D5E6-9ABD-430A-83AE-2F65B50B4EF2}.Release|Mixed Platforms.ActiveCfg = Release|x86
		{2803D5E6-9ABD-430A-83AE-2F65B50B4EF2}.Release|Mixed Platforms.Build.0 = Release|x86
		{2803D5E6-9ABD-430A-83AE-2F65B50B4EF2}.Release|x86.ActiveCfg = Release|x86
		{2803D5E6-9ABD-430A-83AE-2F65B50B4EF2}.Release|x86.Build.0 = Release|x86
		{DD1C8E34-CBCC-4149-B427-434087FA6624}.Debug|Any CPU.ActiveCfg = Debug|x86
		{DD1C8E34-CBCC-4149-B427-434087FA6624}.Debug|Mixed Platforms.ActiveCfg = Debug|x86
		{DD1C8E34-CBCC-4149-B427-434087FA6624}.Debug|Mixed Platforms.Build.0 = Debug|x86
		{DD1C8E34-CBCC-4149-B427-434087FA6624}.Debug|x86.ActiveCfg = Debug|x86
		{DD1C8E34-CBCC-4149-B427-434087FA6624}.Debug|x86.Build.0 = Debug|x86
		{DD1C8E34-CBCC-4149-B427-434087FA6624}.Release|Any CPU.ActiveCfg = Release|x86
		{DD1C8E34-CBCC-4149-B427-434087FA6624}.Release|Mixed Platforms.ActiveCfg = Release|x86
		{DD1C8E34-CBCC-4149-B427-434087FA6624}.Release|Mixed Platforms.Build.0 = Release|x86
		{DD1C8E34-CBCC-4149-B427-434087FA6624}.Release|x86.ActiveCfg = Release|x86
		{DD1C8E34-CBCC-4149-B427-434087FA6624}.Release|x86.Build.0 = Release|x86
		{E22466AA-4FC3-4F22-A751-8C660BC8F211}.Debug|Any CPU.ActiveCfg = Debug|Any CPU
		{E22466AA-4FC3-4F22-A751-8C660BC8F211}.Debug|Any CPU.Build.0 = Debug|Any CPU
		{E22466AA-4FC3-4F22-A751-8C660BC8F211}.Debug|Mixed Platforms.ActiveCfg = Debug|Any CPU
		{E22466AA-4FC3-4F22-A751-8C660BC8F211}.Debug|Mixed Platforms.Build.0 = Debug|Any CPU
		{E22466AA-4FC3-4F22-A751-8C660BC8F211}.Debug|x86.ActiveCfg = Debug|Any CPU
		{E22466AA-4FC3-4F22-A751-8C660BC8F211}.Release|Any CPU.ActiveCfg = Release|Any CPU
		{E22466AA-4FC3-4F22-A751-8C660BC8F211}.Release|Any CPU.Build.0 = Release|Any CPU
		{E22466AA-4FC3-4F22-A751-8C660BC8F211}.Release|Mixed Platforms.ActiveCfg = Release|Any CPU
		{E22466AA-4FC3-4F22-A751-8C660BC8F211}.Release|Mixed Platforms.Build.0 = Release|Any CPU
		{E22466AA-4FC3-4F22-A751-8C660BC8F211}.Release|x86.ActiveCfg = Release|Any CPU
		{35839537-A1A7-4FB3-8347-4C1DBCF825EF}.Debug|Any CPU.ActiveCfg = Debug|Any CPU
		{35839537-A1A7-4FB3-8347-4C1DBCF825EF}.Debug|Any CPU.Build.0 = Debug|Any CPU
		{35839537-A1A7-4FB3-8347-4C1DBCF825EF}.Debug|Mixed Platforms.ActiveCfg = Debug|Any CPU
		{35839537-A1A7-4FB3-8347-4C1DBCF825EF}.Debug|Mixed Platforms.Build.0 = Debug|Any CPU
		{35839537-A1A7-4FB3-8347-4C1DBCF825EF}.Debug|x86.ActiveCfg = Debug|Any CPU
		{35839537-A1A7-4FB3-8347-4C1DBCF825EF}.Release|Any CPU.ActiveCfg = Release|Any CPU
		{35839537-A1A7-4FB3-8347-4C1DBCF825EF}.Release|Any CPU.Build.0 = Release|Any CPU
		{35839537-A1A7-4FB3-8347-4C1DBCF825EF}.Release|Mixed Platforms.ActiveCfg = Release|Any CPU
		{35839537-A1A7-4FB3-8347-4C1DBCF825EF}.Release|Mixed Platforms.Build.0 = Release|Any CPU
		{35839537-A1A7-4FB3-8347-4C1DBCF825EF}.Release|x86.ActiveCfg = Release|Any CPU
		{6ED851FE-A266-42A1-9C04-D978F3C0C9E8}.Debug|Any CPU.ActiveCfg = Debug|x86
		{6ED851FE-A266-42A1-9C04-D978F3C0C9E8}.Debug|Mixed Platforms.ActiveCfg = Debug|x86
		{6ED851FE-A266-42A1-9C04-D978F3C0C9E8}.Debug|Mixed Platforms.Build.0 = Debug|x86
		{6ED851FE-A266-42A1-9C04-D978F3C0C9E8}.Debug|x86.ActiveCfg = Debug|x86
		{6ED851FE-A266-42A1-9C04-D978F3C0C9E8}.Debug|x86.Build.0 = Debug|x86
		{6ED851FE-A266-42A1-9C04-D978F3C0C9E8}.Release|Any CPU.ActiveCfg = Release|x86
		{6ED851FE-A266-42A1-9C04-D978F3C0C9E8}.Release|Mixed Platforms.ActiveCfg = Release|x86
		{6ED851FE-A266-42A1-9C04-D978F3C0C9E8}.Release|Mixed Platforms.Build.0 = Release|x86
		{6ED851FE-A266-42A1-9C04-D978F3C0C9E8}.Release|x86.ActiveCfg = Release|x86
		{6ED851FE-A266-42A1-9C04-D978F3C0C9E8}.Release|x86.Build.0 = Release|x86
	EndGlobalSection
	GlobalSection(SolutionProperties) = preSolution
		HideSolutionNode = FALSE
	EndGlobalSection
EndGlobal
